// !$*UTF8*$!
{
	archiveVersion = 1;
	classes = {
	};
	objectVersion = 50;
	objects = {

/* Begin PBXBuildFile section */
		BBEEABB5260BDAF900804150 /* AppDelegate.swift in Sources */ = {isa = PBXBuildFile; fileRef = BBEEABB4260BDAF900804150 /* AppDelegate.swift */; };
		BBEEABB7260BDAF900804150 /* SceneDelegate.swift in Sources */ = {isa = PBXBuildFile; fileRef = BBEEABB6260BDAF900804150 /* SceneDelegate.swift */; };
		BBEEABB9260BDAF900804150 /* ViewController.swift in Sources */ = {isa = PBXBuildFile; fileRef = BBEEABB8260BDAF900804150 /* ViewController.swift */; };
		BBEEABBC260BDAF900804150 /* Main.storyboard in Resources */ = {isa = PBXBuildFile; fileRef = BBEEABBA260BDAF900804150 /* Main.storyboard */; };
		BBEEABBE260BDAFA00804150 /* Assets.xcassets in Resources */ = {isa = PBXBuildFile; fileRef = BBEEABBD260BDAFA00804150 /* Assets.xcassets */; };
		BBEEABC1260BDAFA00804150 /* LaunchScreen.storyboard in Resources */ = {isa = PBXBuildFile; fileRef = BBEEABBF260BDAFA00804150 /* LaunchScreen.storyboard */; };
		BBFA10E8260D39F200B7D6C1 /* README.MD in Resources */ = {isa = PBXBuildFile; fileRef = BBFA10E7260D39F200B7D6C1 /* README.MD */; };
/* End PBXBuildFile section */

/* Begin PBXFileReference section */
		BBEEABB1260BDAF900804150 /* AutoLayoutExercise.app */ = {isa = PBXFileReference; explicitFileType = wrapper.application; includeInIndex = 0; path = AutoLayoutExercise.app; sourceTree = BUILT_PRODUCTS_DIR; };
		BBEEABB4260BDAF900804150 /* AppDelegate.swift */ = {isa = PBXFileReference; lastKnownFileType = sourcecode.swift; path = AppDelegate.swift; sourceTree = "<group>"; };
		BBEEABB6260BDAF900804150 /* SceneDelegate.swift */ = {isa = PBXFileReference; lastKnownFileType = sourcecode.swift; path = SceneDelegate.swift; sourceTree = "<group>"; };
		BBEEABB8260BDAF900804150 /* ViewController.swift */ = {isa = PBXFileReference; lastKnownFileType = sourcecode.swift; path = ViewController.swift; sourceTree = "<group>"; };
		BBEEABBB260BDAF900804150 /* Base */ = {isa = PBXFileReference; lastKnownFileType = file.storyboard; name = Base; path = Base.lproj/Main.storyboard; sourceTree = "<group>"; };
		BBEEABBD260BDAFA00804150 /* Assets.xcassets */ = {isa = PBXFileReference; lastKnownFileType = folder.assetcatalog; path = Assets.xcassets; sourceTree = "<group>"; };
		BBEEABC0260BDAFA00804150 /* Base */ = {isa = PBXFileReference; lastKnownFileType = file.storyboard; name = Base; path = Base.lproj/LaunchScreen.storyboard; sourceTree = "<group>"; };
		BBEEABC2260BDAFA00804150 /* Info.plist */ = {isa = PBXFileReference; lastKnownFileType = text.plist.xml; path = Info.plist; sourceTree = "<group>"; };
		BBFA10E7260D39F200B7D6C1 /* README.MD */ = {isa = PBXFileReference; fileEncoding = 4; lastKnownFileType = net.daringfireball.markdown; path = README.MD; sourceTree = "<group>"; };
/* End PBXFileReference section */

/* Begin PBXFrameworksBuildPhase section */
		BBEEABAE260BDAF900804150 /* Frameworks */ = {
			isa = PBXFrameworksBuildPhase;
			buildActionMask = 2147483647;
			files = (
			);
			runOnlyForDeploymentPostprocessing = 0;
		};
/* End PBXFrameworksBuildPhase section */

/* Begin PBXGroup section */
		BBEEABA8260BDAF900804150 = {
			isa = PBXGroup;
			children = (
				BBFA10E7260D39F200B7D6C1 /* README.MD */,
				BBEEABB3260BDAF900804150 /* AutoLayoutExercise */,
				BBEEABB2260BDAF900804150 /* Products */,
			);
			sourceTree = "<group>";
		};
		BBEEABB2260BDAF900804150 /* Products */ = {
			isa = PBXGroup;
			children = (
				BBEEABB1260BDAF900804150 /* AutoLayoutExercise.app */,
			);
			name = Products;
			sourceTree = "<group>";
		};
		BBEEABB3260BDAF900804150 /* AutoLayoutExercise */ = {
			isa = PBXGroup;
			children = (
				BBEEABB4260BDAF900804150 /* AppDelegate.swift */,
				BBEEABB6260BDAF900804150 /* SceneDelegate.swift */,
				BBEEABB8260BDAF900804150 /* ViewController.swift */,
				BBEEABBA260BDAF900804150 /* Main.storyboard */,
				BBEEABBD260BDAFA00804150 /* Assets.xcassets */,
				BBEEABBF260BDAFA00804150 /* LaunchScreen.storyboard */,
				BBEEABC2260BDAFA00804150 /* Info.plist */,
			);
			path = AutoLayoutExercise;
			sourceTree = "<group>";
		};
/* End PBXGroup section */

/* Begin PBXNativeTarget section */
		BBEEABB0260BDAF900804150 /* AutoLayoutExercise */ = {
			isa = PBXNativeTarget;
			buildConfigurationList = BBEEABC5260BDAFA00804150 /* Build configuration list for PBXNativeTarget "AutoLayoutExercise" */;
			buildPhases = (
				BBEEABAD260BDAF900804150 /* Sources */,
				BBEEABAE260BDAF900804150 /* Frameworks */,
				BBEEABAF260BDAF900804150 /* Resources */,
			);
			buildRules = (
			);
			dependencies = (
			);
			name = AutoLayoutExercise;
			productName = AutoLayoutExercise;
			productReference = BBEEABB1260BDAF900804150 /* AutoLayoutExercise.app */;
			productType = "com.apple.product-type.application";
		};
/* End PBXNativeTarget section */

/* Begin PBXProject section */
		BBEEABA9260BDAF900804150 /* Project object */ = {
			isa = PBXProject;
			attributes = {
				LastSwiftUpdateCheck = 1240;
				LastUpgradeCheck = 1240;
				TargetAttributes = {
					BBEEABB0260BDAF900804150 = {
						CreatedOnToolsVersion = 12.4;
					};
				};
			};
			buildConfigurationList = BBEEABAC260BDAF900804150 /* Build configuration list for PBXProject "AutoLayoutExercise" */;
			compatibilityVersion = "Xcode 9.3";
			developmentRegion = en;
			hasScannedForEncodings = 0;
			knownRegions = (
				en,
				Base,
			);
			mainGroup = BBEEABA8260BDAF900804150;
			productRefGroup = BBEEABB2260BDAF900804150 /* Products */;
			projectDirPath = "";
			projectRoot = "";
			targets = (
				BBEEABB0260BDAF900804150 /* AutoLayoutExercise */,
			);
		};
/* End PBXProject section */

/* Begin PBXResourcesBuildPhase section */
		BBEEABAF260BDAF900804150 /* Resources */ = {
			isa = PBXResourcesBuildPhase;
			buildActionMask = 2147483647;
			files = (
				BBEEABC1260BDAFA00804150 /* LaunchScreen.storyboard in Resources */,
				BBEEABBE260BDAFA00804150 /* Assets.xcassets in Resources */,
				BBFA10E8260D39F200B7D6C1 /* README.MD in Resources */,
				BBEEABBC260BDAF900804150 /* Main.storyboard in Resources */,
			);
			runOnlyForDeploymentPostprocessing = 0;
		};
/* End PBXResourcesBuildPhase section */

/* Begin PBXSourcesBuildPhase section */
		BBEEABAD260BDAF900804150 /* Sources */ = {
			isa = PBXSourcesBuildPhase;
			buildActionMask = 2147483647;
			files = (
				BBEEABB9260BDAF900804150 /* ViewController.swift in Sources */,
				BBEEABB5260BDAF900804150 /* AppDelegate.swift in Sources */,
				BBEEABB7260BDAF900804150 /* SceneDelegate.swift in Sources */,
			);
			runOnlyForDeploymentPostprocessing = 0;
		};
/* End PBXSourcesBuildPhase section */

/* Begin PBXVariantGroup section */
		BBEEABBA260BDAF900804150 /* Main.storyboard */ = {
			isa = PBXVariantGroup;
			children = (
				BBEEABBB260BDAF900804150 /* Base */,
			);
			name = Main.storyboard;
			sourceTree = "<group>";
		};
		BBEEABBF260BDAFA00804150 /* LaunchScreen.storyboard */ = {
			isa = PBXVariantGroup;
			children = (
				BBEEABC0260BDAFA00804150 /* Base */,
			);
			name = LaunchScreen.storyboard;
			sourceTree = "<group>";
		};
/* End PBXVariantGroup section */

/* Begin XCBuildConfiguration section */
		BBEEABC3260BDAFA00804150 /* Debug */ = {
			isa = XCBuildConfiguration;
			buildSettings = {
				ALWAYS_SEARCH_USER_PATHS = NO;
				CLANG_ANALYZER_NONNULL = YES;
				CLANG_ANALYZER_NUMBER_OBJECT_CONVERSION = YES_AGGRESSIVE;
				CLANG_CXX_LANGUAGE_STANDARD = "gnu++14";
				CLANG_CXX_LIBRARY = "libc++";
				CLANG_ENABLE_MODULES = YES;
				CLANG_ENABLE_OBJC_ARC = YES;
				CLANG_ENABLE_OBJC_WEAK = YES;
				CLANG_WARN_BLOCK_CAPTURE_AUTORELEASING = YES;
				CLANG_WARN_BOOL_CONVERSION = YES;
				CLANG_WARN_COMMA = YES;
				CLANG_WARN_CONSTANT_CONVERSION = YES;
				CLANG_WARN_DEPRECATED_OBJC_IMPLEMENTATIONS = YES;
				CLANG_WARN_DIRECT_OBJC_ISA_USAGE = YES_ERROR;
				CLANG_WARN_DOCUMENTATION_COMMENTS = YES;
				CLANG_WARN_EMPTY_BODY = YES;
				CLANG_WARN_ENUM_CONVERSION = YES;
				CLANG_WARN_INFINITE_RECURSION = YES;
				CLANG_WARN_INT_CONVERSION = YES;
				CLANG_WARN_NON_LITERAL_NULL_CONVERSION = YES;
				CLANG_WARN_OBJC_IMPLICIT_RETAIN_SELF = YES;
				CLANG_WARN_OBJC_LITERAL_CONVERSION = YES;
				CLANG_WARN_OBJC_ROOT_CLASS = YES_ERROR;
				CLANG_WARN_QUOTED_INCLUDE_IN_FRAMEWORK_HEADER = YES;
				CLANG_WARN_RANGE_LOOP_ANALYSIS = YES;
				CLANG_WARN_STRICT_PROTOTYPES = YES;
				CLANG_WARN_SUSPICIOUS_MOVE = YES;
				CLANG_WARN_UNGUARDED_AVAILABILITY = YES_AGGRESSIVE;
				CLANG_WARN_UNREACHABLE_CODE = YES;
				CLANG_WARN__DUPLICATE_METHOD_MATCH = YES;
				COPY_PHASE_STRIP = NO;
				DEBUG_INFORMATION_FORMAT = dwarf;
				ENABLE_STRICT_OBJC_MSGSEND = YES;
				ENABLE_TESTABILITY = YES;
				GCC_C_LANGUAGE_STANDARD = gnu11;
				GCC_DYNAMIC_NO_PIC = NO;
				GCC_NO_COMMON_BLOCKS = YES;
				GCC_OPTIMIZATION_LEVEL = 0;
				GCC_PREPROCESSOR_DEFINITIONS = (
					"DEBUG=1",
					"$(inherited)",
				);
				GCC_WARN_64_TO_32_BIT_CONVERSION = YES;
				GCC_WARN_ABOUT_RETURN_TYPE = YES_ERROR;
				GCC_WARN_UNDECLARED_SELECTOR = YES;
				GCC_WARN_UNINITIALIZED_AUTOS = YES_AGGRESSIVE;
				GCC_WARN_UNUSED_FUNCTION = YES;
				GCC_WARN_UNUSED_VARIABLE = YES;
				IPHONEOS_DEPLOYMENT_TARGET = 14.4;
				MTL_ENABLE_DEBUG_INFO = INCLUDE_SOURCE;
				MTL_FAST_MATH = YES;
				ONLY_ACTIVE_ARCH = YES;
				SDKROOT = iphoneos;
				SWIFT_ACTIVE_COMPILATION_CONDITIONS = DEBUG;
				SWIFT_OPTIMIZATION_LEVEL = "-Onone";
			};
			name = Debug;
		};
		BBEEABC4260BDAFA00804150 /* Release */ = {
			isa = XCBuildConfiguration;
			buildSettings = {
				ALWAYS_SEARCH_USER_PATHS = NO;
				CLANG_ANALYZER_NONNULL = YES;
				CLANG_ANALYZER_NUMBER_OBJECT_CONVERSION = YES_AGGRESSIVE;
				CLANG_CXX_LANGUAGE_STANDARD = "gnu++14";
				CLANG_CXX_LIBRARY = "libc++";
				CLANG_ENABLE_MODULES = YES;
				CLANG_ENABLE_OBJC_ARC = YES;
				CLANG_ENABLE_OBJC_WEAK = YES;
				CLANG_WARN_BLOCK_CAPTURE_AUTORELEASING = YES;
				CLANG_WARN_BOOL_CONVERSION = YES;
				CLANG_WARN_COMMA = YES;
				CLANG_WARN_CONSTANT_CONVERSION = YES;
				CLANG_WARN_DEPRECATED_OBJC_IMPLEMENTATIONS = YES;
				CLANG_WARN_DIRECT_OBJC_ISA_USAGE = YES_ERROR;
				CLANG_WARN_DOCUMENTATION_COMMENTS = YES;
				CLANG_WARN_EMPTY_BODY = YES;
				CLANG_WARN_ENUM_CONVERSION = YES;
				CLANG_WARN_INFINITE_RECURSION = YES;
				CLANG_WARN_INT_CONVERSION = YES;
				CLANG_WARN_NON_LITERAL_NULL_CONVERSION = YES;
				CLANG_WARN_OBJC_IMPLICIT_RETAIN_SELF = YES;
				CLANG_WARN_OBJC_LITERAL_CONVERSION = YES;
				CLANG_WARN_OBJC_ROOT_CLASS = YES_ERROR;
				CLANG_WARN_QUOTED_INCLUDE_IN_FRAMEWORK_HEADER = YES;
				CLANG_WARN_RANGE_LOOP_ANALYSIS = YES;
				CLANG_WARN_STRICT_PROTOTYPES = YES;
				CLANG_WARN_SUSPICIOUS_MOVE = YES;
				CLANG_WARN_UNGUARDED_AVAILABILITY = YES_AGGRESSIVE;
				CLANG_WARN_UNREACHABLE_CODE = YES;
				CLANG_WARN__DUPLICATE_METHOD_MATCH = YES;
				COPY_PHASE_STRIP = NO;
				DEBUG_INFORMATION_FORMAT = "dwarf-with-dsym";
				ENABLE_NS_ASSERTIONS = NO;
				ENABLE_STRICT_OBJC_MSGSEND = YES;
				GCC_C_LANGUAGE_STANDARD = gnu11;
				GCC_NO_COMMON_BLOCKS = YES;
				GCC_WARN_64_TO_32_BIT_CONVERSION = YES;
				GCC_WARN_ABOUT_RETURN_TYPE = YES_ERROR;
				GCC_WARN_UNDECLARED_SELECTOR = YES;
				GCC_WARN_UNINITIALIZED_AUTOS = YES_AGGRESSIVE;
				GCC_WARN_UNUSED_FUNCTION = YES;
				GCC_WARN_UNUSED_VARIABLE = YES;
				IPHONEOS_DEPLOYMENT_TARGET = 14.4;
				MTL_ENABLE_DEBUG_INFO = NO;
				MTL_FAST_MATH = YES;
				SDKROOT = iphoneos;
				SWIFT_COMPILATION_MODE = wholemodule;
				SWIFT_OPTIMIZATION_LEVEL = "-O";
				VALIDATE_PRODUCT = YES;
			};
			name = Release;
		};
		BBEEABC6260BDAFA00804150 /* Debug */ = {
			isa = XCBuildConfiguration;
			buildSettings = {
				ASSETCATALOG_COMPILER_APPICON_NAME = AppIcon;
				ASSETCATALOG_COMPILER_GLOBAL_ACCENT_COLOR_NAME = AccentColor;
				CODE_SIGN_STYLE = Automatic;
				INFOPLIST_FILE = AutoLayoutExercise/Info.plist;
				LD_RUNPATH_SEARCH_PATHS = (
					"$(inherited)",
					"@executable_path/Frameworks",
				);
				PRODUCT_BUNDLE_IDENTIFIER = emrahturan.AutoLayoutExercise;
				PRODUCT_NAME = "$(TARGET_NAME)";
				SWIFT_VERSION = 5.0;
				TARGETED_DEVICE_FAMILY = "1,2";
			};
			name = Debug;
		};
		BBEEABC7260BDAFA00804150 /* Release */ = {
			isa = XCBuildConfiguration;
			buildSettings = {
				ASSETCATALOG_COMPILER_APPICON_NAME = AppIcon;
				ASSETCATALOG_COMPILER_GLOBAL_ACCENT_COLOR_NAME = AccentColor;
				CODE_SIGN_STYLE = Automatic;
				INFOPLIST_FILE = AutoLayoutExercise/Info.plist;
				LD_RUNPATH_SEARCH_PATHS = (
					"$(inherited)",
					"@executable_path/Frameworks",
				);
				PRODUCT_BUNDLE_IDENTIFIER = emrahturan.AutoLayoutExercise;
				PRODUCT_NAME = "$(TARGET_NAME)";
				SWIFT_VERSION = 5.0;
				TARGETED_DEVICE_FAMILY = "1,2";
			};
			name = Release;
		};
/* End XCBuildConfiguration section */

/* Begin XCConfigurationList section */
		BBEEABAC260BDAF900804150 /* Build configuration list for PBXProject "AutoLayoutExercise" */ = {
			isa = XCConfigurationList;
			buildConfigurations = (
				BBEEABC3260BDAFA00804150 /* Debug */,
				BBEEABC4260BDAFA00804150 /* Release */,
			);
			defaultConfigurationIsVisible = 0;
			defaultConfigurationName = Release;
		};
		BBEEABC5260BDAFA00804150 /* Build configuration list for PBXNativeTarget "AutoLayoutExercise" */ = {
			isa = XCConfigurationList;
			buildConfigurations = (
				BBEEABC6260BDAFA00804150 /* Debug */,
				BBEEABC7260BDAFA00804150 /* Release */,
			);
			defaultConfigurationIsVisible = 0;
			defaultConfigurationName = Release;
		};
/* End XCConfigurationList section */
	};
	rootObject = BBEEABA9260BDAF900804150 /* Project object */;
}
